{
  "name": "9433_team04-finproject",
  "lockfileVersion": 3,
  "requires": true,
  "packages": {
    "": {
      "dependencies": {
        "@bufbuild/buf": "^1.68.2"
      }
    },
    "node_modules/@bufbuild/buf": {
      "version": "1.68.2",
      "resolved": "https://registry.npmjs.org/@bufbuild/buf/-/buf-1.68.2.tgz",
      "integrity": "sha512-kUyc03x0EEubQGA93k4mJFmnybQZtgoMxZeMPoTHxur/XpwweZTe4XCbYA9qDL2DKrC/FnNV7ybGMMmlAvQoBg==",
      "hasInstallScript": true,
      "license": "Apache-2.0",
      "bin": {
        "buf": "bin/buf",
        "protoc-gen-buf-breaking": "bin/protoc-gen-buf-breaking",
        "protoc-gen-buf-lint": "bin/protoc-gen-buf-lint"
      },
      "engines": {
        "node": ">=12"
      },
      "optionalDependencies": {
        "@bufbuild/buf-darwin-arm64": "1.68.2",
        "@bufbuild/buf-darwin-x64": "1.68.2",
        "@bufbuild/buf-linux-aarch64": "1.68.2",
        "@bufbuild/buf-linux-armv7": "1.68.2",
        "@bufbuild/buf-linux-x64": "1.68.2",
        "@bufbuild/buf-win32-arm64": "1.68.2",
        "@bufbuild/buf-win32-x64": "1.68.2"
      }
    },
    "node_modules/@bufbuild/buf-darwin-arm64": {
      "version": "1.68.2",
      "resolved": "https://registry.npmjs.org/@bufbuild/buf-darwin-arm64/-/buf-darwin-arm64-1.68.2.tgz",
      "integrity": "sha512-OCO5/2Rwif8BSB+iTZstYoWP+U3Shof32s9GDh8Q0U0KGOnGsifnrFUZCcmsJw65p3ekOMmlRk5rN0I7QhPCoQ==",
      "cpu": [
        "arm64"
      ],
      "license": "Apache-2.0",
      "optional": true,
      "os": [
        "darwin"
      ],
      "engines": {
        "node": ">=12"
      }
    },
    "node_modules/@bufbuild/buf-darwin-x64": {
      "version": "1.68.2",
      "resolved": "https://registry.npmjs.org/@bufbuild/buf-darwin-x64/-/buf-darwin-x64-1.68.2.tgz",
      "integrity": "sha512-iGhapuptpH2bOxjLkIhbU9zyf81MWo96Q7jvNzsiZsFsE4PPwE02fWoP8Z49YlqS31/sPH5dzpj2DaExgTRQVQ==",
      "cpu": [
        "x64"
      ],
      "license": "Apache-2.0",
      "optional": true,
      "os": [
        "darwin"
      ],
      "engines": {
        "node": ">=12"
      }
    },
    "node_modules/@bufbuild/buf-linux-aarch64": {
      "version": "1.68.2",
      "resolved": "https://registry.npmjs.org/@bufbuild/buf-linux-aarch64/-/buf-linux-aarch64-1.68.2.tgz",
      "integrity": "sha512-cSvVYySP/6n6CQhj9x29u1tlnDXLgxhqk4459l/GoMymk7v2NyRbfg90q4Ed2A5kc4UE71jWP6wp7xOseYTOZA==",
      "cpu": [
        "arm64"
      ],
      "license": "Apache-2.0",
      "optional": true,
      "os": [
        "linux"
      ],
      "engines": {
        "node": ">=12"
      }
    },
    "node_modules/@bufbuild/buf-linux-armv7": {
      "version": "1.68.2",
      "resolved": "https://registry.npmjs.org/@bufbuild/buf-linux-armv7/-/buf-linux-armv7-1.68.2.tgz",
      "integrity": "sha512-0diz/+EoBd3s6jPbjYu2y6Umyg0wVvzT8LNKo6HlJ+Q5rU4ZfVrMT+tJALpWmE1nQb7evFD2cadaoVXLaFiw9A==",
      "cpu": [
        "arm"
      ],
      "license": "Apache-2.0",
      "optional": true,
      "os": [
        "linux"
      ],
      "engines": {
        "node": ">=12"
      }
    },
    "node_modules/@bufbuild/buf-linux-x64": {
      "version": "1.68.2",
      "resolved": "https://registry.npmjs.org/@bufbuild/buf-linux-x64/-/buf-linux-x64-1.68.2.tgz",
      "integrity": "sha512-Lqhpy+pW0CPrCb341zGnRhjadMT3LDZto7Bwx7Ivik4S0IUUKhFbmZqLkA21Xr2HucKiogUqaDIkINsll1AuFA==",
      "cpu": [
        "x64"
      ],
      "license": "Apache-2.0",
      "optional": true,
      "os": [
        "linux"
      ],
      "engines": {
        "node": ">=12"
      }
    },
    "node_modules/@bufbuild/buf-win32-arm64": {
      "version": "1.68.2",
      "resolved": "https://registry.npmjs.org/@bufbuild/buf-win32-arm64/-/buf-win32-arm64-1.68.2.tgz",
      "integrity": "sha512-p6+kYldQd6xsKTbqFsnMtt9QHFc6SlREB49rS4s4z/gMiEXMx9z2kDT5RLCPOyJK9xZImWSCuNdTQOAiFcHBtg==",
      "cpu": [
        "arm64"
      ],
      "license": "Apache-2.0",
      "optional": true,
      "os": [
        "win32"
      ],
      "engines": {
        "node": ">=12"
      }
    },
    "node_modules/@bufbuild/buf-win32-x64": {
      "version": "1.68.2",
      "resolved": "https://registry.npmjs.org/@bufbuild/buf-win32-x64/-/buf-win32-x64-1.68.2.tgz",
      "integrity": "sha512-RRroPdgMr73TpZvaM9BZDmoBAd4lgwN6exmE7hH7E8KvDh15McDsQ1Ft9GKWZW/tBY8FTetpI+YkBTRlKih91g==",
      "cpu": [
        "x64"
      ],
      "license": "Apache-2.0",
      "optional": true,
      "os": [
        "win32"
      ],
      "engines": {
        "node": ">=12"
      }
    }
  }
}
